{
  "name": "vimeo-video-element",
  "version": "0.2.6",
  "lockfileVersion": 2,
  "requires": true,
  "packages": {
    "": {
      "name": "vimeo-video-element",
      "version": "0.2.6",
      "license": "MIT",
      "dependencies": {
        "@vimeo/player": "2.18.0"
      },
      "devDependencies": {
        "wet-run": "^0.0.5"
      }
    },
    "node_modules/@vimeo/player": {
      "version": "2.18.0",
      "license": "MIT",
      "dependencies": {
        "native-promise-only": "0.8.1",
        "weakmap-polyfill": "2.0.4"
      }
    },
    "node_modules/native-promise-only": {
      "version": "0.8.1",
      "license": "MIT"
    },
    "node_modules/playwright-core": {
      "version": "1.31.1",
      "resolved": "https://registry.npmjs.org/playwright-core/-/playwright-core-1.31.1.tgz",
      "integrity": "sha512-JTyX4kV3/LXsvpHkLzL2I36aCdml4zeE35x+G5aPc4bkLsiRiQshU5lWeVpHFAuC8xAcbI6FDcw/8z3q2xtJSQ==",
      "dev": true,
      "bin": {
        "playwright": "cli.js"
      },
      "engines": {
        "node": ">=14"
      }
    },
    "node_modules/weakmap-polyfill": {
      "version": "2.0.4",
      "license": "MIT",
      "engines": {
        "node": ">=8.10.0"
      }
    },
    "node_modules/wet-run": {
      "version": "0.0.5",
      "resolved": "https://registry.npmjs.org/wet-run/-/wet-run-0.0.5.tgz",
      "integrity": "sha512-ZMmNs4Wn6UT/7O4jaJTu9TDzg/R3ALazLDTn/Ks1sSYtylq7MlI1uI1oQTNQ5kp+h5cJ6L3hgd2G83l75Y15Lw==",
      "dev": true,
      "dependencies": {
        "playwright-core": "^1.31.1"
      },
      "bin": {
        "wet": "src/cli.js"
      },
      "engines": {
        "node": ">=18.3.0"
      }
    }
  },
  "dependencies": {
    "@vimeo/player": {
      "version": "2.18.0",
      "requires": {
        "native-promise-only": "0.8.1",
        "weakmap-polyfill": "2.0.4"
      }
    },
    "native-promise-only": {
      "version": "0.8.1"
    },
    "playwright-core": {
      "version": "1.31.1",
      "resolved": "https://registry.npmjs.org/playwright-core/-/playwright-core-1.31.1.tgz",
      "integrity": "sha512-JTyX4kV3/LXsvpHkLzL2I36aCdml4zeE35x+G5aPc4bkLsiRiQshU5lWeVpHFAuC8xAcbI6FDcw/8z3q2xtJSQ==",
      "dev": true
    },
    "weakmap-polyfill": {
      "version": "2.0.4"
    },
    "wet-run": {
      "version": "0.0.5",
      "resolved": "https://registry.npmjs.org/wet-run/-/wet-run-0.0.5.tgz",
      "integrity": "sha512-ZMmNs4Wn6UT/7O4jaJTu9TDzg/R3ALazLDTn/Ks1sSYtylq7MlI1uI1oQTNQ5kp+h5cJ6L3hgd2G83l75Y15Lw==",
      "dev": true,
      "requires": {
        "playwright-core": "^1.31.1"
      }
    }
  }
}
